
Microsoft Visual Studio Solution File, Format Version 12.00
# Visual Studio Version 17
VisualStudioVersion = 17.4.33205.214
MinimumVisualStudioVersion = 10.0.40219.1
Project("{FAE04EC0-301F-11D3-BF4B-00C04F79EFBC}") = "RegexProblem", "RegexProblem\RegexProblem.csproj", "{546E1338-EB89-4BE4-83C7-2BBAE043D43F}"
EndProject
Global
	GlobalSection(SolutionConfigurationPlatforms) = preSolution
		Debug|Any CPU = Debug|Any CPU
		Release|Any CPU = Release|Any CPU
	EndGlobalSection
	GlobalSection(ProjectConfigurationPlatforms) = postSolution
		{546E1338-EB89-4BE4-83C7-2BBAE043D43F}.Debug|Any CPU.ActiveCfg = Debug|Any CPU
		{546E1338-EB89-4BE4-83C7-2BBAE043D43F}.Debug|Any CPU.Build.0 = Debug|Any CPU
		{546E1338-EB89-4BE4-83C7-2BBAE043D43F}.Release|Any CPU.ActiveCfg = Release|Any CPU
		{546E1338-EB89-4BE4-83C7-2BBAE043D43F}.Release|Any CPU.Build.0 = Release|Any CPU
	EndGlobalSection
	GlobalSection(SolutionProperties) = preSolution
		HideSolutionNode = FALSE
	EndGlobalSection
	GlobalSection(ExtensibilityGlobals) = postSolution
		SolutionGuid = {05C07BFC-46F5-4033-83FD-C4E32E8090F2}
	EndGlobalSection
EndGlobal
